
Microsoft Visual Studio Solution File, Format Version 12.00
# Visual Studio Version 17
VisualStudioVersion = 17.13.35919.96
MinimumVisualStudioVersion = 10.0.40219.1
Project("{FAE04EC0-301F-11D3-BF4B-00C04F79EFBC}") = "App", "App.csproj", "{D62846EF-B7B4-4F6A-994D-B545713353D3}"
EndProject
Global
	GlobalSection(SolutionConfigurationPlatforms) = preSolution
		Debug|Any CPU = Debug|Any CPU
		Release|Any CPU = Release|Any CPU
	EndGlobalSection
	GlobalSection(ProjectConfigurationPlatforms) = postSolution
		{D62846EF-B7B4-4F6A-994D-B545713353D3}.Debug|Any CPU.ActiveCfg = Debug|Any CPU
		{D62846EF-B7B4-4F6A-994D-B545713353D3}.Debug|Any CPU.Build.0 = Debug|Any CPU
		{D62846EF-B7B4-4F6A-994D-B545713353D3}.Release|Any CPU.ActiveCfg = Release|Any CPU
		{D62846EF-B7B4-4F6A-994D-B545713353D3}.Release|Any CPU.Build.0 = Release|Any CPU
	EndGlobalSection
	GlobalSection(SolutionProperties) = preSolution
		HideSolutionNode = FALSE
	EndGlobalSection
	GlobalSection(ExtensibilityGlobals) = postSolution
		SolutionGuid = {C565252F-5B80-4FE3-B8A9-A37F8444377B}
	EndGlobalSection
EndGlobal
